// !$*UTF8*$!
{
	archiveVersion = 1;
	classes = {
	};
	objectVersion = 50;
	objects = {

/* Begin PBXBuildFile section */
		072E2A3221AE721500DA782A /* main.c in Sources */ = {isa = PBXBuildFile; fileRef = 072E2A3121AE721500DA782A /* main.c */; };
		07C5DABF21BB115A00D974B0 /* FloydTriangle.c in Sources */ = {isa = PBXBuildFile; fileRef = 07C5DABE21BB115A00D974B0 /* FloydTriangle.c */; };
		07C5DAC221BB125700D974B0 /* ReverseString.c in Sources */ = {isa = PBXBuildFile; fileRef = 07C5DAC121BB125700D974B0 /* ReverseString.c */; };
		07C5DAC521BB1C5A00D974B0 /* SumOfNnumbers.c in Sources */ = {isa = PBXBuildFile; fileRef = 07C5DAC421BB1C5A00D974B0 /* SumOfNnumbers.c */; };
/* End PBXBuildFile section */

/* Begin PBXCopyFilesBuildPhase section */
		072E2A2C21AE721500DA782A /* CopyFiles */ = {
			isa = PBXCopyFilesBuildPhase;
			buildActionMask = 2147483647;
			dstPath = /usr/share/man/man1/;
			dstSubfolderSpec = 0;
			files = (
			);
			runOnlyForDeploymentPostprocessing = 1;
		};
/* End PBXCopyFilesBuildPhase section */

/* Begin PBXFileReference section */
		072E2A2E21AE721500DA782A /* CPrograms */ = {isa = PBXFileReference; explicitFileType = "compiled.mach-o.executable"; includeInIndex = 0; path = CPrograms; sourceTree = BUILT_PRODUCTS_DIR; };
		072E2A3121AE721500DA782A /* main.c */ = {isa = PBXFileReference; lastKnownFileType = sourcecode.c.c; path = main.c; sourceTree = "<group>"; };
		07C5DABD21BB115A00D974B0 /* FloydTriangle.h */ = {isa = PBXFileReference; lastKnownFileType = sourcecode.c.h; path = FloydTriangle.h; sourceTree = "<group>"; };
		07C5DABE21BB115A00D974B0 /* FloydTriangle.c */ = {isa = PBXFileReference; lastKnownFileType = sourcecode.c.c; path = FloydTriangle.c; sourceTree = "<group>"; };
		07C5DAC021BB125700D974B0 /* ReverseString.h */ = {isa = PBXFileReference; lastKnownFileType = sourcecode.c.h; path = ReverseString.h; sourceTree = "<group>"; };
		07C5DAC121BB125700D974B0 /* ReverseString.c */ = {isa = PBXFileReference; lastKnownFileType = sourcecode.c.c; path = ReverseString.c; sourceTree = "<group>"; };
		07C5DAC321BB1C5A00D974B0 /* SumOfNnumbers.h */ = {isa = PBXFileReference; lastKnownFileType = sourcecode.c.h; path = SumOfNnumbers.h; sourceTree = "<group>"; };
		07C5DAC421BB1C5A00D974B0 /* SumOfNnumbers.c */ = {isa = PBXFileReference; lastKnownFileType = sourcecode.c.c; path = SumOfNnumbers.c; sourceTree = "<group>"; };
/* End PBXFileReference section */

/* Begin PBXFrameworksBuildPhase section */
		072E2A2B21AE721500DA782A /* Frameworks */ = {
			isa = PBXFrameworksBuildPhase;
			buildActionMask = 2147483647;
			files = (
			);
			runOnlyForDeploymentPostprocessing = 0;
		};
/* End PBXFrameworksBuildPhase section */

/* Begin PBXGroup section */
		072E2A2521AE721500DA782A = {
			isa = PBXGroup;
			children = (
				072E2A3021AE721500DA782A /* CPrograms */,
				072E2A2F21AE721500DA782A /* Products */,
			);
			sourceTree = "<group>";
		};
		072E2A2F21AE721500DA782A /* Products */ = {
			isa = PBXGroup;
			children = (
				072E2A2E21AE721500DA782A /* CPrograms */,
			);
			name = Products;
			sourceTree = "<group>";
		};
		072E2A3021AE721500DA782A /* CPrograms */ = {
			isa = PBXGroup;
			children = (
				072E2A3121AE721500DA782A /* main.c */,
				07C5DAC021BB125700D974B0 /* ReverseString.h */,
				07C5DAC121BB125700D974B0 /* ReverseString.c */,
				07C5DAC321BB1C5A00D974B0 /* SumOfNnumbers.h */,
				07C5DAC421BB1C5A00D974B0 /* SumOfNnumbers.c */,
				07C5DABD21BB115A00D974B0 /* FloydTriangle.h */,
				07C5DABE21BB115A00D974B0 /* FloydTriangle.c */,
			);
			path = CPrograms;
			sourceTree = "<group>";
		};
/* End PBXGroup section */

/* Begin PBXNativeTarget section */
		072E2A2D21AE721500DA782A /* CPrograms */ = {
			isa = PBXNativeTarget;
			buildConfigurationList = 072E2A3521AE721500DA782A /* Build configuration list for PBXNativeTarget "CPrograms" */;
			buildPhases = (
				072E2A2A21AE721500DA782A /* Sources */,
				072E2A2B21AE721500DA782A /* Frameworks */,
				072E2A2C21AE721500DA782A /* CopyFiles */,
			);
			buildRules = (
			);
			dependencies = (
			);
			name = CPrograms;
			productName = Nov28;
			productReference = 072E2A2E21AE721500DA782A /* CPrograms */;
			productType = "com.apple.product-type.tool";
		};
/* End PBXNativeTarget section */

/* Begin PBXProject section */
		072E2A2621AE721500DA782A /* Project object */ = {
			isa = PBXProject;
			attributes = {
				LastUpgradeCheck = 1010;
				ORGANIZATIONNAME = DrawRect;
				TargetAttributes = {
					072E2A2D21AE721500DA782A = {
						CreatedOnToolsVersion = 10.1;
					};
				};
			};
			buildConfigurationList = 072E2A2921AE721500DA782A /* Build configuration list for PBXProject "CPrograms" */;
			compatibilityVersion = "Xcode 9.3";
			developmentRegion = en;
			hasScannedForEncodings = 0;
			knownRegions = (
				en,
			);
			mainGroup = 072E2A2521AE721500DA782A;
			productRefGroup = 072E2A2F21AE721500DA782A /* Products */;
			projectDirPath = "";
			projectRoot = "";
			targets = (
				072E2A2D21AE721500DA782A /* CPrograms */,
			);
		};
/* End PBXProject section */

/* Begin PBXSourcesBuildPhase section */
		072E2A2A21AE721500DA782A /* Sources */ = {
			isa = PBXSourcesBuildPhase;
			buildActionMask = 2147483647;
			files = (
				07C5DAC521BB1C5A00D974B0 /* SumOfNnumbers.c in Sources */,
				07C5DABF21BB115A00D974B0 /* FloydTriangle.c in Sources */,
				07C5DAC221BB125700D974B0 /* ReverseString.c in Sources */,
				072E2A3221AE721500DA782A /* main.c in Sources */,
			);
			runOnlyForDeploymentPostprocessing = 0;
		};
/* End PBXSourcesBuildPhase section */

/* Begin XCBuildConfiguration section */
		072E2A3321AE721500DA782A /* Debug */ = {
			isa = XCBuildConfiguration;
			buildSettings = {
				ALWAYS_SEARCH_USER_PATHS = NO;
				CLANG_ANALYZER_NONNULL = YES;
				CLANG_ANALYZER_NUMBER_OBJECT_CONVERSION = YES_AGGRESSIVE;
				CLANG_CXX_LANGUAGE_STANDARD = "gnu++14";
				CLANG_CXX_LIBRARY = "libc++";
				CLANG_ENABLE_MODULES = YES;
				CLANG_ENABLE_OBJC_ARC = YES;
				CLANG_ENABLE_OBJC_WEAK = YES;
				CLANG_WARN_BLOCK_CAPTURE_AUTORELEASING = YES;
				CLANG_WARN_BOOL_CONVERSION = YES;
				CLANG_WARN_COMMA = YES;
				CLANG_WARN_CONSTANT_CONVERSION = YES;
				CLANG_WARN_DEPRECATED_OBJC_IMPLEMENTATIONS = YES;
				CLANG_WARN_DIRECT_OBJC_ISA_USAGE = YES_ERROR;
				CLANG_WARN_DOCUMENTATION_COMMENTS = YES;
				CLANG_WARN_EMPTY_BODY = YES;
				CLANG_WARN_ENUM_CONVERSION = YES;
				CLANG_WARN_INFINITE_RECURSION = YES;
				CLANG_WARN_INT_CONVERSION = YES;
				CLANG_WARN_NON_LITERAL_NULL_CONVERSION = YES;
				CLANG_WARN_OBJC_IMPLICIT_RETAIN_SELF = YES;
				CLANG_WARN_OBJC_LITERAL_CONVERSION = YES;
				CLANG_WARN_OBJC_ROOT_CLASS = YES_ERROR;
				CLANG_WARN_RANGE_LOOP_ANALYSIS = YES;
				CLANG_WARN_STRICT_PROTOTYPES = YES;
				CLANG_WARN_SUSPICIOUS_MOVE = YES;
				CLANG_WARN_UNGUARDED_AVAILABILITY = YES_AGGRESSIVE;
				CLANG_WARN_UNREACHABLE_CODE = YES;
				CLANG_WARN__DUPLICATE_METHOD_MATCH = YES;
				CODE_SIGN_IDENTITY = "Mac Developer";
				COPY_PHASE_STRIP = NO;
				DEBUG_INFORMATION_FORMAT = dwarf;
				ENABLE_STRICT_OBJC_MSGSEND = YES;
				ENABLE_TESTABILITY = YES;
				GCC_C_LANGUAGE_STANDARD = gnu11;
				GCC_DYNAMIC_NO_PIC = NO;
				GCC_NO_COMMON_BLOCKS = YES;
				GCC_OPTIMIZATION_LEVEL = 0;
				GCC_PREPROCESSOR_DEFINITIONS = (
					"DEBUG=1",
					"$(inherited)",
				);
				GCC_WARN_64_TO_32_BIT_CONVERSION = YES;
				GCC_WARN_ABOUT_RETURN_TYPE = YES_ERROR;
				GCC_WARN_UNDECLARED_SELECTOR = YES;
				GCC_WARN_UNINITIALIZED_AUTOS = YES_AGGRESSIVE;
				GCC_WARN_UNUSED_FUNCTION = YES;
				GCC_WARN_UNUSED_VARIABLE = YES;
				MACOSX_DEPLOYMENT_TARGET = 10.14;
				MTL_ENABLE_DEBUG_INFO = INCLUDE_SOURCE;
				MTL_FAST_MATH = YES;
				ONLY_ACTIVE_ARCH = YES;
				SDKROOT = macosx;
			};
			name = Debug;
		};
		072E2A3421AE721500DA782A /* Release */ = {
			isa = XCBuildConfiguration;
			buildSettings = {
				ALWAYS_SEARCH_USER_PATHS = NO;
				CLANG_ANALYZER_NONNULL = YES;
				CLANG_ANALYZER_NUMBER_OBJECT_CONVERSION = YES_AGGRESSIVE;
				CLANG_CXX_LANGUAGE_STANDARD = "gnu++14";
				CLANG_CXX_LIBRARY = "libc++";
				CLANG_ENABLE_MODULES = YES;
				CLANG_ENABLE_OBJC_ARC = YES;
				CLANG_ENABLE_OBJC_WEAK = YES;
				CLANG_WARN_BLOCK_CAPTURE_AUTORELEASING = YES;
				CLANG_WARN_BOOL_CONVERSION = YES;
				CLANG_WARN_COMMA = YES;
				CLANG_WARN_CONSTANT_CONVERSION = YES;
				CLANG_WARN_DEPRECATED_OBJC_IMPLEMENTATIONS = YES;
				CLANG_WARN_DIRECT_OBJC_ISA_USAGE = YES_ERROR;
				CLANG_WARN_DOCUMENTATION_COMMENTS = YES;
				CLANG_WARN_EMPTY_BODY = YES;
				CLANG_WARN_ENUM_CONVERSION = YES;
				CLANG_WARN_INFINITE_RECURSION = YES;
				CLANG_WARN_INT_CONVERSION = YES;
				CLANG_WARN_NON_LITERAL_NULL_CONVERSION = YES;
				CLANG_WARN_OBJC_IMPLICIT_RETAIN_SELF = YES;
				CLANG_WARN_OBJC_LITERAL_CONVERSION = YES;
				CLANG_WARN_OBJC_ROOT_CLASS = YES_ERROR;
				CLANG_WARN_RANGE_LOOP_ANALYSIS = YES;
				CLANG_WARN_STRICT_PROTOTYPES = YES;
				CLANG_WARN_SUSPICIOUS_MOVE = YES;
				CLANG_WARN_UNGUARDED_AVAILABILITY = YES_AGGRESSIVE;
				CLANG_WARN_UNREACHABLE_CODE = YES;
				CLANG_WARN__DUPLICATE_METHOD_MATCH = YES;
				CODE_SIGN_IDENTITY = "Mac Developer";
				COPY_PHASE_STRIP = NO;
				DEBUG_INFORMATION_FORMAT = "dwarf-with-dsym";
				ENABLE_NS_ASSERTIONS = NO;
				ENABLE_STRICT_OBJC_MSGSEND = YES;
				GCC_C_LANGUAGE_STANDARD = gnu11;
				GCC_NO_COMMON_BLOCKS = YES;
				GCC_WARN_64_TO_32_BIT_CONVERSION = YES;
				GCC_WARN_ABOUT_RETURN_TYPE = YES_ERROR;
				GCC_WARN_UNDECLARED_SELECTOR = YES;
				GCC_WARN_UNINITIALIZED_AUTOS = YES_AGGRESSIVE;
				GCC_WARN_UNUSED_FUNCTION = YES;
				GCC_WARN_UNUSED_VARIABLE = YES;
				MACOSX_DEPLOYMENT_TARGET = 10.14;
				MTL_ENABLE_DEBUG_INFO = NO;
				MTL_FAST_MATH = YES;
				SDKROOT = macosx;
			};
			name = Release;
		};
		072E2A3621AE721500DA782A /* Debug */ = {
			isa = XCBuildConfiguration;
			buildSettings = {
				CODE_SIGN_STYLE = Automatic;
				DEVELOPMENT_TEAM = 35P9S7STBV;
				PRODUCT_NAME = "$(TARGET_NAME)";
			};
			name = Debug;
		};
		072E2A3721AE721500DA782A /* Release */ = {
			isa = XCBuildConfiguration;
			buildSettings = {
				CODE_SIGN_STYLE = Automatic;
				DEVELOPMENT_TEAM = 35P9S7STBV;
				PRODUCT_NAME = "$(TARGET_NAME)";
			};
			name = Release;
		};
/* End XCBuildConfiguration section */

/* Begin XCConfigurationList section */
		072E2A2921AE721500DA782A /* Build configuration list for PBXProject "CPrograms" */ = {
			isa = XCConfigurationList;
			buildConfigurations = (
				072E2A3321AE721500DA782A /* Debug */,
				072E2A3421AE721500DA782A /* Release */,
			);
			defaultConfigurationIsVisible = 0;
			defaultConfigurationName = Release;
		};
		072E2A3521AE721500DA782A /* Build configuration list for PBXNativeTarget "CPrograms" */ = {
			isa = XCConfigurationList;
			buildConfigurations = (
				072E2A3621AE721500DA782A /* Debug */,
				072E2A3721AE721500DA782A /* Release */,
			);
			defaultConfigurationIsVisible = 0;
			defaultConfigurationName = Release;
		};
/* End XCConfigurationList section */
	};
	rootObject = 072E2A2621AE721500DA782A /* Project object */;
}
